{
  "name": "gacha-smc",
  "lockfileVersion": 3,
  "requires": true,
  "packages": {
    "": {
      "dependencies": {
        "erc721a": "^4.3.0"
      }
    },
    "node_modules/erc721a": {
      "version": "4.3.0",
      "resolved": "https://registry.npmjs.org/erc721a/-/erc721a-4.3.0.tgz",
      "integrity": "sha512-JneTLVEH5I/rJMArAwwJ26CX4HvL3ql9Q3egpQ4QB7sz7vIGZbMdMmqHLBIIKhBlfToZKewtC7OZtdr3qU6jsA==",
      "license": "ISC"
    }
  }
}
